// !$*UTF8*$!
{
	archiveVersion = 1;
	classes = {
	};
	objectVersion = 77;
	objects = {

/* Begin PBXBuildFile section */
		A10000000000000000000001 /* VoiceConvertApp.swift in Sources */ = {isa = PBXBuildFile; fileRef = A20000000000000000000001 /* VoiceConvertApp.swift */; };
		A10000000000000000000002 /* ConversionConfig.swift in Sources */ = {isa = PBXBuildFile; fileRef = A20000000000000000000002 /* ConversionConfig.swift */; };
		A10000000000000000000003 /* LameEncoder.swift in Sources */ = {isa = PBXBuildFile; fileRef = A20000000000000000000003 /* LameEncoder.swift */; };
		A10000000000000000000004 /* LameBridge.swift in Sources */ = {isa = PBXBuildFile; fileRef = A20000000000000000000004 /* LameBridge.swift */; };
		A10000000000000000000005 /* libmp3lame.dylib in Frameworks */ = {isa = PBXBuildFile; fileRef = A20000000000000000000010 /* libmp3lame.dylib */; settings = {ATTRIBUTES = (CodeSignOnCopy, ); }; };
		A10000000000000000000006 /* libmpg123.dylib in Frameworks */ = {isa = PBXBuildFile; fileRef = A20000000000000000000011 /* libmpg123.dylib */; settings = {ATTRIBUTES = (CodeSignOnCopy, ); }; };
		A10000000000000000000007 /* Info.plist in Resources */ = {isa = PBXBuildFile; fileRef = A20000000000000000000020 /* Info.plist */; };
			C10000000000000000000007 /* Localizable.xcstrings in Resources */ = {isa = PBXBuildFile; fileRef = A20000000000000000000021 /* Localizable.xcstrings */; };
		A10000000000000000000008 /* ConversionEngine.swift in Sources */ = {isa = PBXBuildFile; fileRef = A20000000000000000000005 /* ConversionEngine.swift */; };
		A10000000000000000000009 /* AudioInputScanner.swift in Sources */ = {isa = PBXBuildFile; fileRef = A20000000000000000000006 /* AudioInputScanner.swift */; };
			A1000000000000000000000A /* BatchQueue.swift in Sources */ = {isa = PBXBuildFile; fileRef = A20000000000000000000007 /* BatchQueue.swift */; };
			C10000000000000000000001 /* Converter.swift in Sources */ = {isa = PBXBuildFile; fileRef = C20000000000000000000001 /* Converter.swift */; };
			C10000000000000000000002 /* FileOperations.swift in Sources */ = {isa = PBXBuildFile; fileRef = C20000000000000000000002 /* FileOperations.swift */; };
			C10000000000000000000003 /* WorkflowModels.swift in Sources */ = {isa = PBXBuildFile; fileRef = C20000000000000000000003 /* WorkflowModels.swift */; };
			C10000000000000000000004 /* SettingsModels.swift in Sources */ = {isa = PBXBuildFile; fileRef = C20000000000000000000004 /* SettingsModels.swift */; };
				C10000000000000000000005 /* PairBatchExecutor.swift in Sources */ = {isa = PBXBuildFile; fileRef = C20000000000000000000005 /* PairBatchExecutor.swift */; };
				C10000000000000000000006 /* AppSettingsController.swift in Sources */ = {isa = PBXBuildFile; fileRef = C20000000000000000000006 /* AppSettingsController.swift */; };
			D10000000000000000000001 /* UpdateManager.swift in Sources */ = {isa = PBXBuildFile; fileRef = D20000000000000000000001 /* UpdateManager.swift */; };
			D10000000000000000000002 /* UpdateCore.swift in Sources */ = {isa = PBXBuildFile; fileRef = D20000000000000000000002 /* UpdateCore.swift */; };
			B10000000000000000000001 /* ConversionEngineTests.swift in Sources */ = {isa = PBXBuildFile; fileRef = B20000000000000000000001 /* ConversionEngineTests.swift */; };
			B10000000000000000000002 /* ConversionConfig.swift in Sources */ = {isa = PBXBuildFile; fileRef = A20000000000000000000002 /* ConversionConfig.swift */; };
			B10000000000000000000003 /* LameEncoder.swift in Sources */ = {isa = PBXBuildFile; fileRef = A20000000000000000000003 /* LameEncoder.swift */; };
			B10000000000000000000004 /* ConversionEngine.swift in Sources */ = {isa = PBXBuildFile; fileRef = A20000000000000000000005 /* ConversionEngine.swift */; };
				B10000000000000000000005 /* AudioInputScanner.swift in Sources */ = {isa = PBXBuildFile; fileRef = A20000000000000000000006 /* AudioInputScanner.swift */; };
				B10000000000000000000006 /* AppSettingsControllerTests.swift in Sources */ = {isa = PBXBuildFile; fileRef = B20000000000000000000003 /* AppSettingsControllerTests.swift */; };
				B10000000000000000000007 /* AppSettingsController.swift in Sources */ = {isa = PBXBuildFile; fileRef = C20000000000000000000006 /* AppSettingsController.swift */; };
				B10000000000000000000008 /* SettingsModels.swift in Sources */ = {isa = PBXBuildFile; fileRef = C20000000000000000000004 /* SettingsModels.swift */; };
			B10000000000000000000010 /* libmp3lame.dylib in VoiceConvertTests Frameworks */ = {isa = PBXBuildFile; fileRef = A20000000000000000000010 /* libmp3lame.dylib */; };
			B10000000000000000000011 /* libmpg123.dylib in VoiceConvertTests Frameworks */ = {isa = PBXBuildFile; fileRef = A20000000000000000000011 /* libmpg123.dylib */; };
			B10000000000000000000012 /* libmp3lame.dylib in VoiceConvertTests Embed Frameworks */ = {isa = PBXBuildFile; fileRef = A20000000000000000000010 /* libmp3lame.dylib */; settings = {ATTRIBUTES = (CodeSignOnCopy, ); }; };
			B10000000000000000000013 /* libmpg123.dylib in VoiceConvertTests Embed Frameworks */ = {isa = PBXBuildFile; fileRef = A20000000000000000000011 /* libmpg123.dylib */; settings = {ATTRIBUTES = (CodeSignOnCopy, ); }; };
/* End PBXBuildFile section */

	/* Begin PBXCopyFilesBuildPhase section */
			A30000000000000000000001 /* Embed Frameworks */ = {isa = PBXCopyFilesBuildPhase; buildActionMask = 2147483647; dstPath = ""; dstSubfolderSpec = 10; files = (A10000000000000000000005 /* libmp3lame.dylib in Frameworks */, A10000000000000000000006 /* libmpg123.dylib in Frameworks */, ); name = Frameworks; runOnlyForDeploymentPostprocessing = 0; };
			B30000000000000000000004 /* VoiceConvertTests Embed Frameworks */ = {isa = PBXCopyFilesBuildPhase; buildActionMask = 2147483647; dstPath = ""; dstSubfolderSpec = 10; files = (B10000000000000000000012 /* libmp3lame.dylib in VoiceConvertTests Embed Frameworks */, B10000000000000000000013 /* libmpg123.dylib in VoiceConvertTests Embed Frameworks */, ); name = Frameworks; runOnlyForDeploymentPostprocessing = 0; };
	/* End PBXCopyFilesBuildPhase section */

/* Begin PBXFileReference section */
		A20000000000000000000001 /* VoiceConvertApp.swift */ = {isa = PBXFileReference; lastKnownFileType = sourcecode.swift; path = VoiceConvertApp.swift; sourceTree = "<group>"; };
		A20000000000000000000002 /* ConversionConfig.swift */ = {isa = PBXFileReference; lastKnownFileType = sourcecode.swift; path = ConversionConfig.swift; sourceTree = "<group>"; };
		A20000000000000000000003 /* LameEncoder.swift */ = {isa = PBXFileReference; lastKnownFileType = sourcecode.swift; path = LameEncoder.swift; sourceTree = "<group>"; };
		A20000000000000000000004 /* LameBridge.swift */ = {isa = PBXFileReference; lastKnownFileType = sourcecode.swift; path = LameBridge.swift; sourceTree = "<group>"; };
		A20000000000000000000005 /* ConversionEngine.swift */ = {isa = PBXFileReference; lastKnownFileType = sourcecode.swift; path = ConversionEngine.swift; sourceTree = "<group>"; };
		A20000000000000000000006 /* AudioInputScanner.swift */ = {isa = PBXFileReference; lastKnownFileType = sourcecode.swift; path = AudioInputScanner.swift; sourceTree = "<group>"; };
			A20000000000000000000007 /* BatchQueue.swift */ = {isa = PBXFileReference; lastKnownFileType = sourcecode.swift; path = BatchQueue.swift; sourceTree = "<group>"; };
			C20000000000000000000001 /* Converter.swift */ = {isa = PBXFileReference; lastKnownFileType = sourcecode.swift; path = Converter.swift; sourceTree = "<group>"; };
			C20000000000000000000002 /* FileOperations.swift */ = {isa = PBXFileReference; lastKnownFileType = sourcecode.swift; path = FileOperations.swift; sourceTree = "<group>"; };
			C20000000000000000000003 /* WorkflowModels.swift */ = {isa = PBXFileReference; lastKnownFileType = sourcecode.swift; path = WorkflowModels.swift; sourceTree = "<group>"; };
			C20000000000000000000004 /* SettingsModels.swift */ = {isa = PBXFileReference; lastKnownFileType = sourcecode.swift; path = SettingsModels.swift; sourceTree = "<group>"; };
				C20000000000000000000005 /* PairBatchExecutor.swift */ = {isa = PBXFileReference; lastKnownFileType = sourcecode.swift; path = PairBatchExecutor.swift; sourceTree = "<group>"; };
				C20000000000000000000006 /* AppSettingsController.swift */ = {isa = PBXFileReference; lastKnownFileType = sourcecode.swift; path = AppSettingsController.swift; sourceTree = "<group>"; };
			D20000000000000000000001 /* UpdateManager.swift */ = {isa = PBXFileReference; lastKnownFileType = sourcecode.swift; path = UpdateManager.swift; sourceTree = "<group>"; };
			D20000000000000000000002 /* UpdateCore.swift */ = {isa = PBXFileReference; lastKnownFileType = sourcecode.swift; path = UpdateCore.swift; sourceTree = "<group>"; };
		A20000000000000000000010 /* libmp3lame.dylib */ = {isa = PBXFileReference; lastKnownFileType = "compiled.mach-o.dylib"; path = lib/libmp3lame.dylib; sourceTree = "<group>"; };
		A20000000000000000000011 /* libmpg123.dylib */ = {isa = PBXFileReference; lastKnownFileType = "compiled.mach-o.dylib"; path = lib/libmpg123.dylib; sourceTree = "<group>"; };
		A20000000000000000000020 /* Info.plist */ = {isa = PBXFileReference; lastKnownFileType = text.plist.xml; path = Info.plist; sourceTree = "<group>"; };
			A20000000000000000000021 /* Localizable.xcstrings */ = {isa = PBXFileReference; lastKnownFileType = text.json.xcstrings; path = Localizable.xcstrings; sourceTree = "<group>"; };
		A20000000000000000000030 /* 音声转换.app */ = {isa = PBXFileReference; explicitFileType = wrapper.application; includeInIndex = 0; path = "音声转换.app"; sourceTree = BUILT_PRODUCTS_DIR; };
		B20000000000000000000001 /* ConversionEngineTests.swift */ = {isa = PBXFileReference; lastKnownFileType = sourcecode.swift; path = ConversionEngineTests.swift; sourceTree = "<group>"; };
			B20000000000000000000002 /* VoiceConvertTests.xctest */ = {isa = PBXFileReference; explicitFileType = wrapper.cfbundle; includeInIndex = 0; path = VoiceConvertTests.xctest; sourceTree = BUILT_PRODUCTS_DIR; };
			B20000000000000000000003 /* AppSettingsControllerTests.swift */ = {isa = PBXFileReference; lastKnownFileType = sourcecode.swift; path = AppSettingsControllerTests.swift; sourceTree = "<group>"; };
/* End PBXFileReference section */

/* Begin PBXFrameworksBuildPhase section */
		A30000000000000000000002 /* Frameworks */ = {isa = PBXFrameworksBuildPhase; buildActionMask = 2147483647; files = (A10000000000000000000005 /* libmp3lame.dylib in Frameworks */, A10000000000000000000006 /* libmpg123.dylib in Frameworks */, ); runOnlyForDeploymentPostprocessing = 0; };
			B30000000000000000000002 /* VoiceConvertTests Frameworks */ = {isa = PBXFrameworksBuildPhase; buildActionMask = 2147483647; files = (B10000000000000000000010 /* libmp3lame.dylib in VoiceConvertTests Frameworks */, B10000000000000000000011 /* libmpg123.dylib in VoiceConvertTests Frameworks */, ); runOnlyForDeploymentPostprocessing = 0; };
/* End PBXFrameworksBuildPhase section */

/* Begin PBXGroup section */
			A40000000000000000000001 = {isa = PBXGroup; children = (A40000000000000000000002 /* VoiceConvert */, A40000000000000000000003 /* Products */, A40000000000000000000004 /* ThirdParty */, C40000000000000000000001 /* VoiceConvertCore */, B40000000000000000000001 /* VoiceConvertTests */); sourceTree = "<group>"; };
		A40000000000000000000002 /* VoiceConvert */ = {isa = PBXGroup; children = (A40000000000000000000005 /* Sources */, A40000000000000000000006 /* Resources */); path = VoiceConvert; sourceTree = "<group>"; };
		A40000000000000000000003 /* Products */ = {isa = PBXGroup; children = (A20000000000000000000030 /* 音声转换.app */, B20000000000000000000002 /* VoiceConvertTests.xctest */); name = Products; sourceTree = "<group>"; };
		A40000000000000000000004 /* ThirdParty */ = {isa = PBXGroup; children = (A20000000000000000000010 /* libmp3lame.dylib */, A20000000000000000000011 /* libmpg123.dylib */); path = ThirdParty; sourceTree = "<group>"; };
		A40000000000000000000005 /* Sources */ = {isa = PBXGroup; children = (A40000000000000000000007 /* App */, A40000000000000000000008 /* Engine */, A40000000000000000000009 /* LameBridge */, A4000000000000000000000A /* Queue */); path = Sources; sourceTree = "<group>"; };
		A40000000000000000000006 /* Resources */ = {isa = PBXGroup; children = (A20000000000000000000020 /* Info.plist */, A20000000000000000000021 /* Localizable.xcstrings */); path = Resources; sourceTree = "<group>"; };
			A40000000000000000000007 /* App */ = {isa = PBXGroup; children = (A20000000000000000000001 /* VoiceConvertApp.swift */, C20000000000000000000006 /* AppSettingsController.swift */, D20000000000000000000001 /* UpdateManager.swift */); path = App; sourceTree = "<group>"; };
		A40000000000000000000008 /* Engine */ = {isa = PBXGroup; children = (A20000000000000000000002 /* ConversionConfig.swift */, A20000000000000000000003 /* LameEncoder.swift */, A20000000000000000000005 /* ConversionEngine.swift */); path = Engine; sourceTree = "<group>"; };
			A40000000000000000000009 /* LameBridge */ = {isa = PBXGroup; children = (A20000000000000000000004 /* LameBridge.swift */); path = LameBridge; sourceTree = "<group>"; };
			A4000000000000000000000A /* Queue */ = {isa = PBXGroup; children = (A20000000000000000000006 /* AudioInputScanner.swift */, A20000000000000000000007 /* BatchQueue.swift */); path = Queue; sourceTree = "<group>"; };
			C40000000000000000000001 /* VoiceConvertCore */ = {isa = PBXGroup; children = (C20000000000000000000001 /* Converter.swift */, C20000000000000000000002 /* FileOperations.swift */, C20000000000000000000003 /* WorkflowModels.swift */, C20000000000000000000004 /* SettingsModels.swift */, C20000000000000000000005 /* PairBatchExecutor.swift */, D20000000000000000000002 /* UpdateCore.swift */); path = VoiceConvertCore/Sources/VoiceConvertCore; sourceTree = "<group>"; };
		B40000000000000000000001 /* VoiceConvertTests */ = {isa = PBXGroup; children = (B20000000000000000000001 /* ConversionEngineTests.swift */, B20000000000000000000003 /* AppSettingsControllerTests.swift */); path = VoiceConvertTests; sourceTree = "<group>"; };
/* End PBXGroup section */

/* Begin PBXNativeTarget section */
		A50000000000000000000001 /* VoiceConvert */ = {isa = PBXNativeTarget; buildConfigurationList = A60000000000000000000001 /* Build configuration list for PBXNativeTarget "VoiceConvert" */; buildPhases = (A30000000000000000000003 /* Sources */, A30000000000000000000002 /* Frameworks */, A30000000000000000000004 /* Resources */, A30000000000000000000001 /* Embed Frameworks */); buildRules = (); dependencies = (); name = VoiceConvert; productName = VoiceConvert; productReference = A20000000000000000000030 /* 音声转换.app */; productType = "com.apple.product-type.application"; };
			B50000000000000000000001 /* VoiceConvertTests */ = {isa = PBXNativeTarget; buildConfigurationList = B60000000000000000000001 /* Build configuration list for PBXNativeTarget "VoiceConvertTests" */; buildPhases = (B30000000000000000000001 /* VoiceConvertTests Sources */, B30000000000000000000002 /* VoiceConvertTests Frameworks */, B30000000000000000000003 /* VoiceConvertTests Resources */, B30000000000000000000004 /* VoiceConvertTests Embed Frameworks */); buildRules = (); dependencies = (); name = VoiceConvertTests; productName = VoiceConvertTests; productReference = B20000000000000000000002 /* VoiceConvertTests.xctest */; productType = "com.apple.product-type.bundle.unit-test"; };
/* End PBXNativeTarget section */

/* Begin PBXProject section */
			A70000000000000000000001 /* Project object */ = {isa = PBXProject; attributes = {LastUpgradeCheck = 2660; ORGANIZATIONNAME = VoiceConvert; TargetAttributes = {A50000000000000000000001 = {CreatedOnToolsVersion = 26.6;}; B50000000000000000000001 = {CreatedOnToolsVersion = 26.6;};};}; buildConfigurationList = A60000000000000000000002 /* Build configuration list for PBXProject "VoiceConvert" */; compatibilityVersion = "Xcode 16.0"; developmentRegion = zh_CN; hasScannedForEncodings = 0; knownRegions = (en, zh_CN, Base); mainGroup = A40000000000000000000001; productRefGroup = A40000000000000000000003 /* Products */; projectDirPath = ""; projectRoot = ""; targets = (A50000000000000000000001 /* VoiceConvert */, B50000000000000000000001 /* VoiceConvertTests */); };
/* End PBXProject section */

/* Begin PBXResourcesBuildPhase section */
		A30000000000000000000004 /* Resources */ = {isa = PBXResourcesBuildPhase; buildActionMask = 2147483647; files = (C10000000000000000000007 /* Localizable.xcstrings in Resources */, ); runOnlyForDeploymentPostprocessing = 0; };
		B30000000000000000000003 /* VoiceConvertTests Resources */ = {isa = PBXResourcesBuildPhase; buildActionMask = 2147483647; files = (); runOnlyForDeploymentPostprocessing = 0; };
/* End PBXResourcesBuildPhase section */

/* Begin PBXSourcesBuildPhase section */
			A30000000000000000000003 /* Sources */ = {isa = PBXSourcesBuildPhase; buildActionMask = 2147483647; files = (A10000000000000000000001 /* VoiceConvertApp.swift in Sources */, C10000000000000000000006 /* AppSettingsController.swift in Sources */, D10000000000000000000001 /* UpdateManager.swift in Sources */, D10000000000000000000002 /* UpdateCore.swift in Sources */, A10000000000000000000002 /* ConversionConfig.swift in Sources */, A10000000000000000000003 /* LameEncoder.swift in Sources */, A10000000000000000000004 /* LameBridge.swift in Sources */, A10000000000000000000008 /* ConversionEngine.swift in Sources */, A10000000000000000000009 /* AudioInputScanner.swift in Sources */, A1000000000000000000000A /* BatchQueue.swift in Sources */, C10000000000000000000001 /* Converter.swift in Sources */, C10000000000000000000002 /* FileOperations.swift in Sources */, C10000000000000000000003 /* WorkflowModels.swift in Sources */, C10000000000000000000004 /* SettingsModels.swift in Sources */, C10000000000000000000005 /* PairBatchExecutor.swift in Sources */); runOnlyForDeploymentPostprocessing = 0; };
			B30000000000000000000001 /* VoiceConvertTests Sources */ = {isa = PBXSourcesBuildPhase; buildActionMask = 2147483647; files = (B10000000000000000000001 /* ConversionEngineTests.swift in Sources */, B10000000000000000000006 /* AppSettingsControllerTests.swift in Sources */, B10000000000000000000002 /* ConversionConfig.swift in Sources */, B10000000000000000000003 /* LameEncoder.swift in Sources */, B10000000000000000000004 /* ConversionEngine.swift in Sources */, B10000000000000000000005 /* AudioInputScanner.swift in Sources */, B10000000000000000000007 /* AppSettingsController.swift in Sources */, B10000000000000000000008 /* SettingsModels.swift in Sources */, C10000000000000000000001 /* Converter.swift in Sources */, C10000000000000000000002 /* FileOperations.swift in Sources */, C10000000000000000000003 /* WorkflowModels.swift in Sources */, C10000000000000000000005 /* PairBatchExecutor.swift in Sources */, ); runOnlyForDeploymentPostprocessing = 0; };
/* End PBXSourcesBuildPhase section */

/* Begin XCBuildConfiguration section */
		A80000000000000000000001 /* Debug */ = {isa = XCBuildConfiguration; buildSettings = {ARCHS = arm64; CLANG_ENABLE_MODULES = YES; CODE_SIGNING_ALLOWED = NO; CONFIGURATION_BUILD_DIR = "$(SRCROOT)/build/$(CONFIGURATION)"; CURRENT_PROJECT_VERSION = 1; DEBUG_INFORMATION_FORMAT = dwarf; DEVELOPMENT_LANGUAGE = zh_CN; ENABLE_HARDENED_RUNTIME = NO; ENABLE_TESTABILITY = YES; GCC_PREPROCESSOR_DEFINITIONS = ("DEBUG=1", "$(inherited)"); HEADER_SEARCH_PATHS = ("$(SRCROOT)/ThirdParty/include/lame", "$(SRCROOT)/ThirdParty/include/mpg123"); INFOPLIST_FILE = VoiceConvert/Resources/Info.plist; LD_RUNPATH_SEARCH_PATHS = ("$(inherited)", "@executable_path/../Frameworks"); LIBRARY_SEARCH_PATHS = ("$(SRCROOT)/ThirdParty/lib"); MACOSX_DEPLOYMENT_TARGET = 26.0; PRODUCT_BUNDLE_IDENTIFIER = com.voiceconvert.app; PRODUCT_NAME = "音声转换"; SWIFT_OBJC_BRIDGING_HEADER = "$(SRCROOT)/VoiceConvert/Sources/LameBridge/VoiceConvert-Bridging-Header.h"; SWIFT_VERSION = 6.0; }; name = Debug; };
		A80000000000000000000002 /* Release */ = {isa = XCBuildConfiguration; buildSettings = {ARCHS = arm64; CLANG_ENABLE_MODULES = YES; CODE_SIGNING_ALLOWED = NO; CONFIGURATION_BUILD_DIR = "$(SRCROOT)/build/$(CONFIGURATION)"; CURRENT_PROJECT_VERSION = 1; DEBUG_INFORMATION_FORMAT = dwarf-with-dsym; DEVELOPMENT_LANGUAGE = zh_CN; ENABLE_HARDENED_RUNTIME = NO; HEADER_SEARCH_PATHS = ("$(SRCROOT)/ThirdParty/include/lame", "$(SRCROOT)/ThirdParty/include/mpg123"); INFOPLIST_FILE = VoiceConvert/Resources/Info.plist; LD_RUNPATH_SEARCH_PATHS = ("$(inherited)", "@executable_path/../Frameworks"); LIBRARY_SEARCH_PATHS = ("$(SRCROOT)/ThirdParty/lib"); MACOSX_DEPLOYMENT_TARGET = 26.0; PRODUCT_BUNDLE_IDENTIFIER = com.voiceconvert.app; PRODUCT_NAME = "音声转换"; SWIFT_OBJC_BRIDGING_HEADER = "$(SRCROOT)/VoiceConvert/Sources/LameBridge/VoiceConvert-Bridging-Header.h"; SWIFT_OPTIMIZATION_LEVEL = "-O"; SWIFT_VERSION = 6.0; }; name = Release; };
		A80000000000000000000003 /* Project Debug */ = {isa = XCBuildConfiguration; buildSettings = {ALWAYS_SEARCH_USER_PATHS = NO; CLANG_CXX_LANGUAGE_STANDARD = "gnu++20"; CLANG_CXX_LIBRARY = "libc++"; SDKROOT = macosx; }; name = Debug; };
		A80000000000000000000004 /* Project Release */ = {isa = XCBuildConfiguration; buildSettings = {ALWAYS_SEARCH_USER_PATHS = NO; CLANG_CXX_LANGUAGE_STANDARD = "gnu++20"; CLANG_CXX_LIBRARY = "libc++"; SDKROOT = macosx; }; name = Release; };
			B80000000000000000000001 /* Debug */ = {isa = XCBuildConfiguration; buildSettings = {ARCHS = arm64; CLANG_ENABLE_MODULES = YES; CODE_SIGNING_ALLOWED = NO; CONFIGURATION_BUILD_DIR = "$(SRCROOT)/build/$(CONFIGURATION)"; CURRENT_PROJECT_VERSION = 1; GENERATE_INFOPLIST_FILE = YES; HEADER_SEARCH_PATHS = ("$(SRCROOT)/ThirdParty/include/lame", "$(SRCROOT)/ThirdParty/include/mpg123"); LD_RUNPATH_SEARCH_PATHS = ("$(inherited)", "@loader_path/../Frameworks"); LIBRARY_SEARCH_PATHS = ("$(SRCROOT)/ThirdParty/lib"); MACOSX_DEPLOYMENT_TARGET = 26.0; PRODUCT_BUNDLE_IDENTIFIER = com.voiceconvert.app.tests; PRODUCT_NAME = "$(TARGET_NAME)"; SWIFT_OBJC_BRIDGING_HEADER = "$(SRCROOT)/VoiceConvert/Sources/LameBridge/VoiceConvert-Bridging-Header.h"; SWIFT_VERSION = 6.0; }; name = Debug; };
			B80000000000000000000002 /* Release */ = {isa = XCBuildConfiguration; buildSettings = {ARCHS = arm64; CLANG_ENABLE_MODULES = YES; CODE_SIGNING_ALLOWED = NO; CONFIGURATION_BUILD_DIR = "$(SRCROOT)/build/$(CONFIGURATION)"; CURRENT_PROJECT_VERSION = 1; GENERATE_INFOPLIST_FILE = YES; HEADER_SEARCH_PATHS = ("$(SRCROOT)/ThirdParty/include/lame", "$(SRCROOT)/ThirdParty/include/mpg123"); LD_RUNPATH_SEARCH_PATHS = ("$(inherited)", "@loader_path/../Frameworks"); LIBRARY_SEARCH_PATHS = ("$(SRCROOT)/ThirdParty/lib"); MACOSX_DEPLOYMENT_TARGET = 26.0; PRODUCT_BUNDLE_IDENTIFIER = com.voiceconvert.app.tests; PRODUCT_NAME = "$(TARGET_NAME)"; SWIFT_OBJC_BRIDGING_HEADER = "$(SRCROOT)/VoiceConvert/Sources/LameBridge/VoiceConvert-Bridging-Header.h"; SWIFT_VERSION = 6.0; }; name = Release; };
/* End XCBuildConfiguration section */

/* Begin XCConfigurationList section */
		A60000000000000000000001 /* Build configuration list for PBXNativeTarget "VoiceConvert" */ = {isa = XCConfigurationList; buildConfigurations = (A80000000000000000000001 /* Debug */, A80000000000000000000002 /* Release */); defaultConfigurationIsVisible = 0; defaultConfigurationName = Release; };
		A60000000000000000000002 /* Build configuration list for PBXProject "VoiceConvert" */ = {isa = XCConfigurationList; buildConfigurations = (A80000000000000000000003 /* Project Debug */, A80000000000000000000004 /* Project Release */); defaultConfigurationIsVisible = 0; defaultConfigurationName = Release; };
		B60000000000000000000001 /* Build configuration list for PBXNativeTarget "VoiceConvertTests" */ = {isa = XCConfigurationList; buildConfigurations = (B80000000000000000000001 /* Debug */, B80000000000000000000002 /* Release */); defaultConfigurationIsVisible = 0; defaultConfigurationName = Release; };
/* End XCConfigurationList section */
	};
	rootObject = A70000000000000000000001 /* Project object */;
}
